// !$*UTF8*$!
{
	archiveVersion = 1;
	classes = {
	};
	objectVersion = 46;
	objects = {

/* Begin PBXBuildFile section */
		3EC1600D1CEFB787002894AD /* AppDelegate.swift in Sources */ = {isa = PBXBuildFile; fileRef = 3EC1600C1CEFB787002894AD /* AppDelegate.swift */; };
		3EC1600F1CEFB787002894AD /* ViewController.swift in Sources */ = {isa = PBXBuildFile; fileRef = 3EC1600E1CEFB787002894AD /* ViewController.swift */; };
		3EC160121CEFB787002894AD /* Main.storyboard in Resources */ = {isa = PBXBuildFile; fileRef = 3EC160101CEFB787002894AD /* Main.storyboard */; };
		3EC160141CEFB787002894AD /* Assets.xcassets in Resources */ = {isa = PBXBuildFile; fileRef = 3EC160131CEFB787002894AD /* Assets.xcassets */; };
		3EC160171CEFB787002894AD /* LaunchScreen.storyboard in Resources */ = {isa = PBXBuildFile; fileRef = 3EC160151CEFB787002894AD /* LaunchScreen.storyboard */; };
		3EC1601F1CEFC6A0002894AD /* Minecraft.ttf in Resources */ = {isa = PBXBuildFile; fileRef = 3EC1601E1CEFC6A0002894AD /* Minecraft.ttf */; };
		3EC160211CEFCB7E002894AD /* btn.wav in Resources */ = {isa = PBXBuildFile; fileRef = 3EC160201CEFCB7E002894AD /* btn.wav */; };
/* End PBXBuildFile section */

/* Begin PBXFileReference section */
		3EC160091CEFB787002894AD /* calc.app */ = {isa = PBXFileReference; explicitFileType = wrapper.application; includeInIndex = 0; path = calc.app; sourceTree = BUILT_PRODUCTS_DIR; };
		3EC1600C1CEFB787002894AD /* AppDelegate.swift */ = {isa = PBXFileReference; lastKnownFileType = sourcecode.swift; path = AppDelegate.swift; sourceTree = "<group>"; };
		3EC1600E1CEFB787002894AD /* ViewController.swift */ = {isa = PBXFileReference; lastKnownFileType = sourcecode.swift; path = ViewController.swift; sourceTree = "<group>"; };
		3EC160111CEFB787002894AD /* Base */ = {isa = PBXFileReference; lastKnownFileType = file.storyboard; name = Base; path = Base.lproj/Main.storyboard; sourceTree = "<group>"; };
		3EC160131CEFB787002894AD /* Assets.xcassets */ = {isa = PBXFileReference; lastKnownFileType = folder.assetcatalog; path = Assets.xcassets; sourceTree = "<group>"; };
		3EC160161CEFB787002894AD /* Base */ = {isa = PBXFileReference; lastKnownFileType = file.storyboard; name = Base; path = Base.lproj/LaunchScreen.storyboard; sourceTree = "<group>"; };
		3EC160181CEFB787002894AD /* Info.plist */ = {isa = PBXFileReference; lastKnownFileType = text.plist.xml; path = Info.plist; sourceTree = "<group>"; };
		3EC1601E1CEFC6A0002894AD /* Minecraft.ttf */ = {isa = PBXFileReference; lastKnownFileType = file; path = Minecraft.ttf; sourceTree = "<group>"; };
		3EC160201CEFCB7E002894AD /* btn.wav */ = {isa = PBXFileReference; lastKnownFileType = audio.wav; path = btn.wav; sourceTree = "<group>"; };
/* End PBXFileReference section */

/* Begin PBXFrameworksBuildPhase section */
		3EC160061CEFB787002894AD /* Frameworks */ = {
			isa = PBXFrameworksBuildPhase;
			buildActionMask = 2147483647;
			files = (
			);
			runOnlyForDeploymentPostprocessing = 0;
		};
/* End PBXFrameworksBuildPhase section */

/* Begin PBXGroup section */
		3EC160001CEFB787002894AD = {
			isa = PBXGroup;
			children = (
				3EC1600B1CEFB787002894AD /* calc */,
				3EC1600A1CEFB787002894AD /* Products */,
			);
			sourceTree = "<group>";
		};
		3EC1600A1CEFB787002894AD /* Products */ = {
			isa = PBXGroup;
			children = (
				3EC160091CEFB787002894AD /* calc.app */,
			);
			name = Products;
			sourceTree = "<group>";
		};
		3EC1600B1CEFB787002894AD /* calc */ = {
			isa = PBXGroup;
			children = (
				3EC1601E1CEFC6A0002894AD /* Minecraft.ttf */,
				3EC160201CEFCB7E002894AD /* btn.wav */,
				3EC1600C1CEFB787002894AD /* AppDelegate.swift */,
				3EC1600E1CEFB787002894AD /* ViewController.swift */,
				3EC160101CEFB787002894AD /* Main.storyboard */,
				3EC160131CEFB787002894AD /* Assets.xcassets */,
				3EC160151CEFB787002894AD /* LaunchScreen.storyboard */,
				3EC160181CEFB787002894AD /* Info.plist */,
			);
			path = calc;
			sourceTree = "<group>";
		};
/* End PBXGroup section */

/* Begin PBXNativeTarget section */
		3EC160081CEFB787002894AD /* calc */ = {
			isa = PBXNativeTarget;
			buildConfigurationList = 3EC1601B1CEFB787002894AD /* Build configuration list for PBXNativeTarget "calc" */;
			buildPhases = (
				3EC160051CEFB787002894AD /* Sources */,
				3EC160061CEFB787002894AD /* Frameworks */,
				3EC160071CEFB787002894AD /* Resources */,
			);
			buildRules = (
			);
			dependencies = (
			);
			name = calc;
			productName = calc;
			productReference = 3EC160091CEFB787002894AD /* calc.app */;
			productType = "com.apple.product-type.application";
		};
/* End PBXNativeTarget section */

/* Begin PBXProject section */
		3EC160011CEFB787002894AD /* Project object */ = {
			isa = PBXProject;
			attributes = {
				LastSwiftUpdateCheck = 0730;
				LastUpgradeCheck = 0730;
				ORGANIZATIONNAME = "Mehdi Silini";
				TargetAttributes = {
					3EC160081CEFB787002894AD = {
						CreatedOnToolsVersion = 7.3.1;
						DevelopmentTeam = 2XVP3SU67Y;
					};
				};
			};
			buildConfigurationList = 3EC160041CEFB787002894AD /* Build configuration list for PBXProject "calc" */;
			compatibilityVersion = "Xcode 3.2";
			developmentRegion = English;
			hasScannedForEncodings = 0;
			knownRegions = (
				en,
				Base,
			);
			mainGroup = 3EC160001CEFB787002894AD;
			productRefGroup = 3EC1600A1CEFB787002894AD /* Products */;
			projectDirPath = "";
			projectRoot = "";
			targets = (
				3EC160081CEFB787002894AD /* calc */,
			);
		};
/* End PBXProject section */

/* Begin PBXResourcesBuildPhase section */
		3EC160071CEFB787002894AD /* Resources */ = {
			isa = PBXResourcesBuildPhase;
			buildActionMask = 2147483647;
			files = (
				3EC160211CEFCB7E002894AD /* btn.wav in Resources */,
				3EC160171CEFB787002894AD /* LaunchScreen.storyboard in Resources */,
				3EC160141CEFB787002894AD /* Assets.xcassets in Resources */,
				3EC1601F1CEFC6A0002894AD /* Minecraft.ttf in Resources */,
				3EC160121CEFB787002894AD /* Main.storyboard in Resources */,
			);
			runOnlyForDeploymentPostprocessing = 0;
		};
/* End PBXResourcesBuildPhase section */

/* Begin PBXSourcesBuildPhase section */
		3EC160051CEFB787002894AD /* Sources */ = {
			isa = PBXSourcesBuildPhase;
			buildActionMask = 2147483647;
			files = (
				3EC1600F1CEFB787002894AD /* ViewController.swift in Sources */,
				3EC1600D1CEFB787002894AD /* AppDelegate.swift in Sources */,
			);
			runOnlyForDeploymentPostprocessing = 0;
		};
/* End PBXSourcesBuildPhase section */

/* Begin PBXVariantGroup section */
		3EC160101CEFB787002894AD /* Main.storyboard */ = {
			isa = PBXVariantGroup;
			children = (
				3EC160111CEFB787002894AD /* Base */,
			);
			name = Main.storyboard;
			sourceTree = "<group>";
		};
		3EC160151CEFB787002894AD /* LaunchScreen.storyboard */ = {
			isa = PBXVariantGroup;
			children = (
				3EC160161CEFB787002894AD /* Base */,
			);
			name = LaunchScreen.storyboard;
			sourceTree = "<group>";
		};
/* End PBXVariantGroup section */

/* Begin XCBuildConfiguration section */
		3EC160191CEFB787002894AD /* Debug */ = {
			isa = XCBuildConfiguration;
			buildSettings = {
				ALWAYS_SEARCH_USER_PATHS = NO;
				CLANG_ANALYZER_NONNULL = YES;
				CLANG_CXX_LANGUAGE_STANDARD = "gnu++0x";
				CLANG_CXX_LIBRARY = "libc++";
				CLANG_ENABLE_MODULES = YES;
				CLANG_ENABLE_OBJC_ARC = YES;
				CLANG_WARN_BOOL_CONVERSION = YES;
				CLANG_WARN_CONSTANT_CONVERSION = YES;
				CLANG_WARN_DIRECT_OBJC_ISA_USAGE = YES_ERROR;
				CLANG_WARN_EMPTY_BODY = YES;
				CLANG_WARN_ENUM_CONVERSION = YES;
				CLANG_WARN_INT_CONVERSION = YES;
				CLANG_WARN_OBJC_ROOT_CLASS = YES_ERROR;
				CLANG_WARN_UNREACHABLE_CODE = YES;
				CLANG_WARN__DUPLICATE_METHOD_MATCH = YES;
				"CODE_SIGN_IDENTITY[sdk=iphoneos*]" = "iPhone Developer";
				COPY_PHASE_STRIP = NO;
				DEBUG_INFORMATION_FORMAT = dwarf;
				ENABLE_STRICT_OBJC_MSGSEND = YES;
				ENABLE_TESTABILITY = YES;
				GCC_C_LANGUAGE_STANDARD = gnu99;
				GCC_DYNAMIC_NO_PIC = NO;
				GCC_NO_COMMON_BLOCKS = YES;
				GCC_OPTIMIZATION_LEVEL = 0;
				GCC_PREPROCESSOR_DEFINITIONS = (
					"DEBUG=1",
					"$(inherited)",
				);
				GCC_WARN_64_TO_32_BIT_CONVERSION = YES;
				GCC_WARN_ABOUT_RETURN_TYPE = YES_ERROR;
				GCC_WARN_UNDECLARED_SELECTOR = YES;
				GCC_WARN_UNINITIALIZED_AUTOS = YES_AGGRESSIVE;
				GCC_WARN_UNUSED_FUNCTION = YES;
				GCC_WARN_UNUSED_VARIABLE = YES;
				IPHONEOS_DEPLOYMENT_TARGET = 9.3;
				MTL_ENABLE_DEBUG_INFO = YES;
				ONLY_ACTIVE_ARCH = YES;
				SDKROOT = iphoneos;
				SWIFT_OPTIMIZATION_LEVEL = "-Onone";
			};
			name = Debug;
		};
		3EC1601A1CEFB787002894AD /* Release */ = {
			isa = XCBuildConfiguration;
			buildSettings = {
				ALWAYS_SEARCH_USER_PATHS = NO;
				CLANG_ANALYZER_NONNULL = YES;
				CLANG_CXX_LANGUAGE_STANDARD = "gnu++0x";
				CLANG_CXX_LIBRARY = "libc++";
				CLANG_ENABLE_MODULES = YES;
				CLANG_ENABLE_OBJC_ARC = YES;
				CLANG_WARN_BOOL_CONVERSION = YES;
				CLANG_WARN_CONSTANT_CONVERSION = YES;
				CLANG_WARN_DIRECT_OBJC_ISA_USAGE = YES_ERROR;
				CLANG_WARN_EMPTY_BODY = YES;
				CLANG_WARN_ENUM_CONVERSION = YES;
				CLANG_WARN_INT_CONVERSION = YES;
				CLANG_WARN_OBJC_ROOT_CLASS = YES_ERROR;
				CLANG_WARN_UNREACHABLE_CODE = YES;
				CLANG_WARN__DUPLICATE_METHOD_MATCH = YES;
				"CODE_SIGN_IDENTITY[sdk=iphoneos*]" = "iPhone Developer";
				COPY_PHASE_STRIP = NO;
				DEBUG_INFORMATION_FORMAT = "dwarf-with-dsym";
				ENABLE_NS_ASSERTIONS = NO;
				ENABLE_STRICT_OBJC_MSGSEND = YES;
				GCC_C_LANGUAGE_STANDARD = gnu99;
				GCC_NO_COMMON_BLOCKS = YES;
				GCC_WARN_64_TO_32_BIT_CONVERSION = YES;
				GCC_WARN_ABOUT_RETURN_TYPE = YES_ERROR;
				GCC_WARN_UNDECLARED_SELECTOR = YES;
				GCC_WARN_UNINITIALIZED_AUTOS = YES_AGGRESSIVE;
				GCC_WARN_UNUSED_FUNCTION = YES;
				GCC_WARN_UNUSED_VARIABLE = YES;
				IPHONEOS_DEPLOYMENT_TARGET = 9.3;
				MTL_ENABLE_DEBUG_INFO = NO;
				SDKROOT = iphoneos;
				VALIDATE_PRODUCT = YES;
			};
			name = Release;
		};
		3EC1601C1CEFB787002894AD /* Debug */ = {
			isa = XCBuildConfiguration;
			buildSettings = {
				ASSETCATALOG_COMPILER_APPICON_NAME = AppIcon;
				INFOPLIST_FILE = calc/Info.plist;
				LD_RUNPATH_SEARCH_PATHS = "$(inherited) @executable_path/Frameworks";
				PRODUCT_BUNDLE_IDENTIFIER = com.test.calc;
				PRODUCT_NAME = "$(TARGET_NAME)";
			};
			name = Debug;
		};
		3EC1601D1CEFB787002894AD /* Release */ = {
			isa = XCBuildConfiguration;
			buildSettings = {
				ASSETCATALOG_COMPILER_APPICON_NAME = AppIcon;
				INFOPLIST_FILE = calc/Info.plist;
				LD_RUNPATH_SEARCH_PATHS = "$(inherited) @executable_path/Frameworks";
				PRODUCT_BUNDLE_IDENTIFIER = com.test.calc;
				PRODUCT_NAME = "$(TARGET_NAME)";
			};
			name = Release;
		};
/* End XCBuildConfiguration section */

/* Begin XCConfigurationList section */
		3EC160041CEFB787002894AD /* Build configuration list for PBXProject "calc" */ = {
			isa = XCConfigurationList;
			buildConfigurations = (
				3EC160191CEFB787002894AD /* Debug */,
				3EC1601A1CEFB787002894AD /* Release */,
			);
			defaultConfigurationIsVisible = 0;
			defaultConfigurationName = Release;
		};
		3EC1601B1CEFB787002894AD /* Build configuration list for PBXNativeTarget "calc" */ = {
			isa = XCConfigurationList;
			buildConfigurations = (
				3EC1601C1CEFB787002894AD /* Debug */,
				3EC1601D1CEFB787002894AD /* Release */,
			);
			defaultConfigurationIsVisible = 0;
			defaultConfigurationName = Release;
		};
/* End XCConfigurationList section */
	};
	rootObject = 3EC160011CEFB787002894AD /* Project object */;
}
